
Microsoft Visual Studio Solution File, Format Version 12.00
# Visual Studio Version 17
VisualStudioVersion = 17.1.32328.378
MinimumVisualStudioVersion = 10.0.40219.1
Project("{FAE04EC0-301F-11D3-BF4B-00C04F79EFBC}") = "Comunicacion Micro", "Comunicacion Micro\Comunicacion Micro.csproj", "{3F8DED96-177C-4924-981C-06B3A2F8009E}"
EndProject
Global
	GlobalSection(SolutionConfigurationPlatforms) = preSolution
		Debug|Any CPU = Debug|Any CPU
		Release|Any CPU = Release|Any CPU
	EndGlobalSection
	GlobalSection(ProjectConfigurationPlatforms) = postSolution
		{3F8DED96-177C-4924-981C-06B3A2F8009E}.Debug|Any CPU.ActiveCfg = Debug|Any CPU
		{3F8DED96-177C-4924-981C-06B3A2F8009E}.Debug|Any CPU.Build.0 = Debug|Any CPU
		{3F8DED96-177C-4924-981C-06B3A2F8009E}.Release|Any CPU.ActiveCfg = Release|Any CPU
		{3F8DED96-177C-4924-981C-06B3A2F8009E}.Release|Any CPU.Build.0 = Release|Any CPU
	EndGlobalSection
	GlobalSection(SolutionProperties) = preSolution
		HideSolutionNode = FALSE
	EndGlobalSection
	GlobalSection(ExtensibilityGlobals) = postSolution
		SolutionGuid = {24BFECFD-5159-465A-BFD1-D783A54DCC55}
	EndGlobalSection
EndGlobal
